
Microsoft Visual Studio Solution File, Format Version 12.00
# Visual Studio Version 17
VisualStudioVersion = 17.0.32112.339
MinimumVisualStudioVersion = 10.0.40219.1
Project("{FAE04EC0-301F-11D3-BF4B-00C04F79EFBC}") = "Лабораторная работа №3", "Лабораторная работа №3\Лабораторная работа №3.csproj", "{2BDA2BF2-FEC2-4A5F-A0EC-D3C7C304132B}"
EndProject
Global
	GlobalSection(SolutionConfigurationPlatforms) = preSolution
		Debug|Any CPU = Debug|Any CPU
		Release|Any CPU = Release|Any CPU
	EndGlobalSection
	GlobalSection(ProjectConfigurationPlatforms) = postSolution
		{2BDA2BF2-FEC2-4A5F-A0EC-D3C7C304132B}.Debug|Any CPU.ActiveCfg = Debug|Any CPU
		{2BDA2BF2-FEC2-4A5F-A0EC-D3C7C304132B}.Debug|Any CPU.Build.0 = Debug|Any CPU
		{2BDA2BF2-FEC2-4A5F-A0EC-D3C7C304132B}.Release|Any CPU.ActiveCfg = Release|Any CPU
		{2BDA2BF2-FEC2-4A5F-A0EC-D3C7C304132B}.Release|Any CPU.Build.0 = Release|Any CPU
	EndGlobalSection
	GlobalSection(SolutionProperties) = preSolution
		HideSolutionNode = FALSE
	EndGlobalSection
	GlobalSection(ExtensibilityGlobals) = postSolution
		SolutionGuid = {57521E38-1893-4AE3-94B8-4AE52B0700A5}
	EndGlobalSection
EndGlobal
